
Microsoft Visual Studio Solution File, Format Version 12.00
# Visual Studio Version 17
VisualStudioVersion = 17.8.34309.116
MinimumVisualStudioVersion = 10.0.40219.1
Project("{FAE04EC0-301F-11D3-BF4B-00C04F79EFBC}") = "MyHotel", "MyHotel.csproj", "{73EF0B32-DC83-414F-B8B3-4D5E64FDAD8D}"
EndProject
Global
	GlobalSection(SolutionConfigurationPlatforms) = preSolution
		Debug|Any CPU = Debug|Any CPU
		Release|Any CPU = Release|Any CPU
	EndGlobalSection
	GlobalSection(ProjectConfigurationPlatforms) = postSolution
		{73EF0B32-DC83-414F-B8B3-4D5E64FDAD8D}.Debug|Any CPU.ActiveCfg = Debug|Any CPU
		{73EF0B32-DC83-414F-B8B3-4D5E64FDAD8D}.Debug|Any CPU.Build.0 = Debug|Any CPU
		{73EF0B32-DC83-414F-B8B3-4D5E64FDAD8D}.Release|Any CPU.ActiveCfg = Release|Any CPU
		{73EF0B32-DC83-414F-B8B3-4D5E64FDAD8D}.Release|Any CPU.Build.0 = Release|Any CPU
	EndGlobalSection
	GlobalSection(SolutionProperties) = preSolution
		HideSolutionNode = FALSE
	EndGlobalSection
	GlobalSection(ExtensibilityGlobals) = postSolution
		SolutionGuid = {1FE71826-3B4A-429B-99F9-35D51813610A}
	EndGlobalSection
EndGlobal
